// !$*UTF8*$!
{
	archiveVersion = 1;
	classes = {
	};
	objectVersion = 46;
	objects = {

/* Begin PBXBuildFile section */
		006586E918FC9AF300FBCE56 /* Foundation.framework in Frameworks */ = {isa = PBXBuildFile; fileRef = 006586E818FC9AF300FBCE56 /* Foundation.framework */; };
		006586EB18FC9AF300FBCE56 /* CoreGraphics.framework in Frameworks */ = {isa = PBXBuildFile; fileRef = 006586EA18FC9AF300FBCE56 /* CoreGraphics.framework */; };
		006586ED18FC9AF300FBCE56 /* UIKit.framework in Frameworks */ = {isa = PBXBuildFile; fileRef = 006586EC18FC9AF300FBCE56 /* UIKit.framework */; };
		006586F318FC9AF300FBCE56 /* InfoPlist.strings in Resources */ = {isa = PBXBuildFile; fileRef = 006586F118FC9AF300FBCE56 /* InfoPlist.strings */; };
		006586F518FC9AF300FBCE56 /* main.m in Sources */ = {isa = PBXBuildFile; fileRef = 006586F418FC9AF300FBCE56 /* main.m */; };
		006586F918FC9AF300FBCE56 /* AppDelegate.m in Sources */ = {isa = PBXBuildFile; fileRef = 006586F818FC9AF300FBCE56 /* AppDelegate.m */; };
		006586FC18FC9AF300FBCE56 /* Main_iPhone.storyboard in Resources */ = {isa = PBXBuildFile; fileRef = 006586FA18FC9AF300FBCE56 /* Main_iPhone.storyboard */; };
		0065870218FC9AF300FBCE56 /* FirstViewController.m in Sources */ = {isa = PBXBuildFile; fileRef = 0065870118FC9AF300FBCE56 /* FirstViewController.m */; };
		0065870518FC9AF300FBCE56 /* SecondViewController.m in Sources */ = {isa = PBXBuildFile; fileRef = 0065870418FC9AF300FBCE56 /* SecondViewController.m */; };
		0065870E18FC9AF300FBCE56 /* XCTest.framework in Frameworks */ = {isa = PBXBuildFile; fileRef = 0065870D18FC9AF300FBCE56 /* XCTest.framework */; };
		0065870F18FC9AF300FBCE56 /* Foundation.framework in Frameworks */ = {isa = PBXBuildFile; fileRef = 006586E818FC9AF300FBCE56 /* Foundation.framework */; };
		0065871018FC9AF300FBCE56 /* UIKit.framework in Frameworks */ = {isa = PBXBuildFile; fileRef = 006586EC18FC9AF300FBCE56 /* UIKit.framework */; };
		0065871818FC9AF300FBCE56 /* InfoPlist.strings in Resources */ = {isa = PBXBuildFile; fileRef = 0065871618FC9AF300FBCE56 /* InfoPlist.strings */; };
		0065871A18FC9AF300FBCE56 /* CCHexagonFlowLayoutTests.m in Sources */ = {isa = PBXBuildFile; fileRef = 0065871918FC9AF300FBCE56 /* CCHexagonFlowLayoutTests.m */; };
		0065872718FC9BAC00FBCE56 /* CCHexagonFlowLayout.m in Sources */ = {isa = PBXBuildFile; fileRef = 0065872618FC9BAC00FBCE56 /* CCHexagonFlowLayout.m */; };
		0065872E18FC9BBA00FBCE56 /* Images.xcassets in Resources */ = {isa = PBXBuildFile; fileRef = 0065872918FC9BBA00FBCE56 /* Images.xcassets */; };
		0065872F18FC9BBA00FBCE56 /* orange_hexagon.png in Resources */ = {isa = PBXBuildFile; fileRef = 0065872A18FC9BBA00FBCE56 /* orange_hexagon.png */; };
		0065873018FC9BBA00FBCE56 /* orange_hexagon@2x.png in Resources */ = {isa = PBXBuildFile; fileRef = 0065872B18FC9BBA00FBCE56 /* orange_hexagon@2x.png */; };
		0065873118FC9BBA00FBCE56 /* purple_hexagon.png in Resources */ = {isa = PBXBuildFile; fileRef = 0065872C18FC9BBA00FBCE56 /* purple_hexagon.png */; };
		0065873218FC9BBA00FBCE56 /* purple_hexagon@2x.png in Resources */ = {isa = PBXBuildFile; fileRef = 0065872D18FC9BBA00FBCE56 /* purple_hexagon@2x.png */; };
		0065873F18FC9C9900FBCE56 /* FooterView.m in Sources */ = {isa = PBXBuildFile; fileRef = 0065873718FC9C9800FBCE56 /* FooterView.m */; };
		0065874018FC9C9900FBCE56 /* FooterView.xib in Resources */ = {isa = PBXBuildFile; fileRef = 0065873818FC9C9800FBCE56 /* FooterView.xib */; };
		0065874118FC9C9900FBCE56 /* HeaderView.m in Sources */ = {isa = PBXBuildFile; fileRef = 0065873A18FC9C9800FBCE56 /* HeaderView.m */; };
		0065874218FC9C9900FBCE56 /* HeaderView.xib in Resources */ = {isa = PBXBuildFile; fileRef = 0065873B18FC9C9800FBCE56 /* HeaderView.xib */; };
		0065874318FC9C9900FBCE56 /* RootCell.m in Sources */ = {isa = PBXBuildFile; fileRef = 0065873D18FC9C9800FBCE56 /* RootCell.m */; };
		0065874418FC9C9900FBCE56 /* RootCell.xib in Resources */ = {isa = PBXBuildFile; fileRef = 0065873E18FC9C9900FBCE56 /* RootCell.xib */; };
		2CD471441A77785200FB8D29 /* CCHexCell.m in Sources */ = {isa = PBXBuildFile; fileRef = 2CD471431A77785200FB8D29 /* CCHexCell.m */; };
/* End PBXBuildFile section */

/* Begin PBXContainerItemProxy section */
		0065871118FC9AF300FBCE56 /* PBXContainerItemProxy */ = {
			isa = PBXContainerItemProxy;
			containerPortal = 006586DD18FC9AF300FBCE56 /* Project object */;
			proxyType = 1;
			remoteGlobalIDString = 006586E418FC9AF300FBCE56;
			remoteInfo = CCHexagonFlowLayout;
		};
/* End PBXContainerItemProxy section */

/* Begin PBXFileReference section */
		006586E518FC9AF300FBCE56 /* CCHexagonFlowLayout.app */ = {isa = PBXFileReference; explicitFileType = wrapper.application; includeInIndex = 0; path = CCHexagonFlowLayout.app; sourceTree = BUILT_PRODUCTS_DIR; };
		006586E818FC9AF300FBCE56 /* Foundation.framework */ = {isa = PBXFileReference; lastKnownFileType = wrapper.framework; name = Foundation.framework; path = System/Library/Frameworks/Foundation.framework; sourceTree = SDKROOT; };
		006586EA18FC9AF300FBCE56 /* CoreGraphics.framework */ = {isa = PBXFileReference; lastKnownFileType = wrapper.framework; name = CoreGraphics.framework; path = System/Library/Frameworks/CoreGraphics.framework; sourceTree = SDKROOT; };
		006586EC18FC9AF300FBCE56 /* UIKit.framework */ = {isa = PBXFileReference; lastKnownFileType = wrapper.framework; name = UIKit.framework; path = System/Library/Frameworks/UIKit.framework; sourceTree = SDKROOT; };
		006586F018FC9AF300FBCE56 /* CCHexagonFlowLayout-Info.plist */ = {isa = PBXFileReference; lastKnownFileType = text.plist.xml; path = "CCHexagonFlowLayout-Info.plist"; sourceTree = "<group>"; };
		006586F218FC9AF300FBCE56 /* en */ = {isa = PBXFileReference; lastKnownFileType = text.plist.strings; name = en; path = en.lproj/InfoPlist.strings; sourceTree = "<group>"; };
		006586F418FC9AF300FBCE56 /* main.m */ = {isa = PBXFileReference; lastKnownFileType = sourcecode.c.objc; path = main.m; sourceTree = "<group>"; };
		006586F618FC9AF300FBCE56 /* CCHexagonFlowLayout-Prefix.pch */ = {isa = PBXFileReference; lastKnownFileType = sourcecode.c.h; path = "CCHexagonFlowLayout-Prefix.pch"; sourceTree = "<group>"; };
		006586F718FC9AF300FBCE56 /* AppDelegate.h */ = {isa = PBXFileReference; lastKnownFileType = sourcecode.c.h; path = AppDelegate.h; sourceTree = "<group>"; };
		006586F818FC9AF300FBCE56 /* AppDelegate.m */ = {isa = PBXFileReference; lastKnownFileType = sourcecode.c.objc; path = AppDelegate.m; sourceTree = "<group>"; };
		006586FB18FC9AF300FBCE56 /* Base */ = {isa = PBXFileReference; lastKnownFileType = file.storyboard; name = Base; path = Base.lproj/Main_iPhone.storyboard; sourceTree = "<group>"; };
		0065870018FC9AF300FBCE56 /* FirstViewController.h */ = {isa = PBXFileReference; lastKnownFileType = sourcecode.c.h; path = FirstViewController.h; sourceTree = "<group>"; };
		0065870118FC9AF300FBCE56 /* FirstViewController.m */ = {isa = PBXFileReference; lastKnownFileType = sourcecode.c.objc; path = FirstViewController.m; sourceTree = "<group>"; };
		0065870318FC9AF300FBCE56 /* SecondViewController.h */ = {isa = PBXFileReference; lastKnownFileType = sourcecode.c.h; path = SecondViewController.h; sourceTree = "<group>"; };
		0065870418FC9AF300FBCE56 /* SecondViewController.m */ = {isa = PBXFileReference; lastKnownFileType = sourcecode.c.objc; path = SecondViewController.m; sourceTree = "<group>"; };
		0065870C18FC9AF300FBCE56 /* CCHexagonFlowLayoutTests.xctest */ = {isa = PBXFileReference; explicitFileType = wrapper.cfbundle; includeInIndex = 0; path = CCHexagonFlowLayoutTests.xctest; sourceTree = BUILT_PRODUCTS_DIR; };
		0065870D18FC9AF300FBCE56 /* XCTest.framework */ = {isa = PBXFileReference; lastKnownFileType = wrapper.framework; name = XCTest.framework; path = Library/Frameworks/XCTest.framework; sourceTree = DEVELOPER_DIR; };
		0065871518FC9AF300FBCE56 /* CCHexagonFlowLayoutTests-Info.plist */ = {isa = PBXFileReference; lastKnownFileType = text.plist.xml; path = "CCHexagonFlowLayoutTests-Info.plist"; sourceTree = "<group>"; };
		0065871718FC9AF300FBCE56 /* en */ = {isa = PBXFileReference; lastKnownFileType = text.plist.strings; name = en; path = en.lproj/InfoPlist.strings; sourceTree = "<group>"; };
		0065871918FC9AF300FBCE56 /* CCHexagonFlowLayoutTests.m */ = {isa = PBXFileReference; lastKnownFileType = sourcecode.c.objc; path = CCHexagonFlowLayoutTests.m; sourceTree = "<group>"; };
		0065872518FC9BAC00FBCE56 /* CCHexagonFlowLayout.h */ = {isa = PBXFileReference; fileEncoding = 4; lastKnownFileType = sourcecode.c.h; path = CCHexagonFlowLayout.h; sourceTree = "<group>"; };
		0065872618FC9BAC00FBCE56 /* CCHexagonFlowLayout.m */ = {isa = PBXFileReference; fileEncoding = 4; lastKnownFileType = sourcecode.c.objc; path = CCHexagonFlowLayout.m; sourceTree = "<group>"; };
		0065872918FC9BBA00FBCE56 /* Images.xcassets */ = {isa = PBXFileReference; lastKnownFileType = folder.assetcatalog; path = Images.xcassets; sourceTree = "<group>"; };
		0065872A18FC9BBA00FBCE56 /* orange_hexagon.png */ = {isa = PBXFileReference; lastKnownFileType = image.png; path = orange_hexagon.png; sourceTree = "<group>"; };
		0065872B18FC9BBA00FBCE56 /* orange_hexagon@2x.png */ = {isa = PBXFileReference; lastKnownFileType = image.png; path = "orange_hexagon@2x.png"; sourceTree = "<group>"; };
		0065872C18FC9BBA00FBCE56 /* purple_hexagon.png */ = {isa = PBXFileReference; lastKnownFileType = image.png; path = purple_hexagon.png; sourceTree = "<group>"; };
		0065872D18FC9BBA00FBCE56 /* purple_hexagon@2x.png */ = {isa = PBXFileReference; lastKnownFileType = image.png; path = "purple_hexagon@2x.png"; sourceTree = "<group>"; };
		0065873618FC9C9800FBCE56 /* FooterView.h */ = {isa = PBXFileReference; fileEncoding = 4; lastKnownFileType = sourcecode.c.h; path = FooterView.h; sourceTree = "<group>"; };
		0065873718FC9C9800FBCE56 /* FooterView.m */ = {isa = PBXFileReference; fileEncoding = 4; lastKnownFileType = sourcecode.c.objc; path = FooterView.m; sourceTree = "<group>"; };
		0065873818FC9C9800FBCE56 /* FooterView.xib */ = {isa = PBXFileReference; fileEncoding = 4; lastKnownFileType = file.xib; path = FooterView.xib; sourceTree = "<group>"; };
		0065873918FC9C9800FBCE56 /* HeaderView.h */ = {isa = PBXFileReference; fileEncoding = 4; lastKnownFileType = sourcecode.c.h; path = HeaderView.h; sourceTree = "<group>"; };
		0065873A18FC9C9800FBCE56 /* HeaderView.m */ = {isa = PBXFileReference; fileEncoding = 4; lastKnownFileType = sourcecode.c.objc; path = HeaderView.m; sourceTree = "<group>"; };
		0065873B18FC9C9800FBCE56 /* HeaderView.xib */ = {isa = PBXFileReference; fileEncoding = 4; lastKnownFileType = file.xib; path = HeaderView.xib; sourceTree = "<group>"; };
		0065873C18FC9C9800FBCE56 /* RootCell.h */ = {isa = PBXFileReference; fileEncoding = 4; lastKnownFileType = sourcecode.c.h; path = RootCell.h; sourceTree = "<group>"; };
		0065873D18FC9C9800FBCE56 /* RootCell.m */ = {isa = PBXFileReference; fileEncoding = 4; lastKnownFileType = sourcecode.c.objc; path = RootCell.m; sourceTree = "<group>"; };
		0065873E18FC9C9900FBCE56 /* RootCell.xib */ = {isa = PBXFileReference; fileEncoding = 4; lastKnownFileType = file.xib; path = RootCell.xib; sourceTree = "<group>"; };
		2CD471421A77785200FB8D29 /* CCHexCell.h */ = {isa = PBXFileReference; fileEncoding = 4; lastKnownFileType = sourcecode.c.h; path = CCHexCell.h; sourceTree = "<group>"; };
		2CD471431A77785200FB8D29 /* CCHexCell.m */ = {isa = PBXFileReference; fileEncoding = 4; lastKnownFileType = sourcecode.c.objc; path = CCHexCell.m; sourceTree = "<group>"; };
/* End PBXFileReference section */

/* Begin PBXFrameworksBuildPhase section */
		006586E218FC9AF300FBCE56 /* Frameworks */ = {
			isa = PBXFrameworksBuildPhase;
			buildActionMask = 2147483647;
			files = (
				006586EB18FC9AF300FBCE56 /* CoreGraphics.framework in Frameworks */,
				006586ED18FC9AF300FBCE56 /* UIKit.framework in Frameworks */,
				006586E918FC9AF300FBCE56 /* Foundation.framework in Frameworks */,
			);
			runOnlyForDeploymentPostprocessing = 0;
		};
		0065870918FC9AF300FBCE56 /* Frameworks */ = {
			isa = PBXFrameworksBuildPhase;
			buildActionMask = 2147483647;
			files = (
				0065870E18FC9AF300FBCE56 /* XCTest.framework in Frameworks */,
				0065871018FC9AF300FBCE56 /* UIKit.framework in Frameworks */,
				0065870F18FC9AF300FBCE56 /* Foundation.framework in Frameworks */,
			);
			runOnlyForDeploymentPostprocessing = 0;
		};
/* End PBXFrameworksBuildPhase section */

/* Begin PBXGroup section */
		006586DC18FC9AF300FBCE56 = {
			isa = PBXGroup;
			children = (
				0065872418FC9BAC00FBCE56 /* Classes */,
				006586EE18FC9AF300FBCE56 /* CCHexagonFlowLayout */,
				0065872818FC9BBA00FBCE56 /* Resources */,
				0065871318FC9AF300FBCE56 /* CCHexagonFlowLayoutTests */,
				006586E718FC9AF300FBCE56 /* Frameworks */,
				006586E618FC9AF300FBCE56 /* Products */,
			);
			sourceTree = "<group>";
		};
		006586E618FC9AF300FBCE56 /* Products */ = {
			isa = PBXGroup;
			children = (
				006586E518FC9AF300FBCE56 /* CCHexagonFlowLayout.app */,
				0065870C18FC9AF300FBCE56 /* CCHexagonFlowLayoutTests.xctest */,
			);
			name = Products;
			sourceTree = "<group>";
		};
		006586E718FC9AF300FBCE56 /* Frameworks */ = {
			isa = PBXGroup;
			children = (
				006586E818FC9AF300FBCE56 /* Foundation.framework */,
				006586EA18FC9AF300FBCE56 /* CoreGraphics.framework */,
				006586EC18FC9AF300FBCE56 /* UIKit.framework */,
				0065870D18FC9AF300FBCE56 /* XCTest.framework */,
			);
			name = Frameworks;
			sourceTree = "<group>";
		};
		006586EE18FC9AF300FBCE56 /* CCHexagonFlowLayout */ = {
			isa = PBXGroup;
			children = (
				006586F718FC9AF300FBCE56 /* AppDelegate.h */,
				006586F818FC9AF300FBCE56 /* AppDelegate.m */,
				0065873318FC9BC900FBCE56 /* ViewControllers */,
				006586EF18FC9AF300FBCE56 /* Supporting Files */,
			);
			path = CCHexagonFlowLayout;
			sourceTree = "<group>";
		};
		006586EF18FC9AF300FBCE56 /* Supporting Files */ = {
			isa = PBXGroup;
			children = (
				006586F018FC9AF300FBCE56 /* CCHexagonFlowLayout-Info.plist */,
				006586F118FC9AF300FBCE56 /* InfoPlist.strings */,
				006586F418FC9AF300FBCE56 /* main.m */,
				006586F618FC9AF300FBCE56 /* CCHexagonFlowLayout-Prefix.pch */,
			);
			name = "Supporting Files";
			sourceTree = "<group>";
		};
		0065871318FC9AF300FBCE56 /* CCHexagonFlowLayoutTests */ = {
			isa = PBXGroup;
			children = (
				0065871918FC9AF300FBCE56 /* CCHexagonFlowLayoutTests.m */,
				0065871418FC9AF300FBCE56 /* Supporting Files */,
			);
			path = CCHexagonFlowLayoutTests;
			sourceTree = "<group>";
		};
		0065871418FC9AF300FBCE56 /* Supporting Files */ = {
			isa = PBXGroup;
			children = (
				0065871518FC9AF300FBCE56 /* CCHexagonFlowLayoutTests-Info.plist */,
				0065871618FC9AF300FBCE56 /* InfoPlist.strings */,
			);
			name = "Supporting Files";
			sourceTree = "<group>";
		};
		0065872418FC9BAC00FBCE56 /* Classes */ = {
			isa = PBXGroup;
			children = (
				0065872518FC9BAC00FBCE56 /* CCHexagonFlowLayout.h */,
				0065872618FC9BAC00FBCE56 /* CCHexagonFlowLayout.m */,
				2CD471421A77785200FB8D29 /* CCHexCell.h */,
				2CD471431A77785200FB8D29 /* CCHexCell.m */,
			);
			name = Classes;
			path = ../Classes;
			sourceTree = "<group>";
		};
		0065872818FC9BBA00FBCE56 /* Resources */ = {
			isa = PBXGroup;
			children = (
				006586FA18FC9AF300FBCE56 /* Main_iPhone.storyboard */,
				0065872918FC9BBA00FBCE56 /* Images.xcassets */,
				0065872A18FC9BBA00FBCE56 /* orange_hexagon.png */,
				0065872B18FC9BBA00FBCE56 /* orange_hexagon@2x.png */,
				0065872C18FC9BBA00FBCE56 /* purple_hexagon.png */,
				0065872D18FC9BBA00FBCE56 /* purple_hexagon@2x.png */,
			);
			name = Resources;
			path = CCHexagonFlowLayout/Resources;
			sourceTree = "<group>";
		};
		0065873318FC9BC900FBCE56 /* ViewControllers */ = {
			isa = PBXGroup;
			children = (
				0065874518FC9C9D00FBCE56 /* Shared */,
				0065873418FC9BD000FBCE56 /* First */,
				0065873518FC9BD500FBCE56 /* Second */,
			);
			name = ViewControllers;
			sourceTree = "<group>";
		};
		0065873418FC9BD000FBCE56 /* First */ = {
			isa = PBXGroup;
			children = (
				0065870018FC9AF300FBCE56 /* FirstViewController.h */,
				0065870118FC9AF300FBCE56 /* FirstViewController.m */,
			);
			name = First;
			sourceTree = "<group>";
		};
		0065873518FC9BD500FBCE56 /* Second */ = {
			isa = PBXGroup;
			children = (
				0065870318FC9AF300FBCE56 /* SecondViewController.h */,
				0065870418FC9AF300FBCE56 /* SecondViewController.m */,
			);
			name = Second;
			sourceTree = "<group>";
		};
		0065874518FC9C9D00FBCE56 /* Shared */ = {
			isa = PBXGroup;
			children = (
				0065874818FC9CB200FBCE56 /* Cell */,
				0065874718FC9CA900FBCE56 /* Header */,
				0065874618FC9CA300FBCE56 /* Footer */,
			);
			name = Shared;
			sourceTree = "<group>";
		};
		0065874618FC9CA300FBCE56 /* Footer */ = {
			isa = PBXGroup;
			children = (
				0065873618FC9C9800FBCE56 /* FooterView.h */,
				0065873718FC9C9800FBCE56 /* FooterView.m */,
				0065873818FC9C9800FBCE56 /* FooterView.xib */,
			);
			name = Footer;
			sourceTree = "<group>";
		};
		0065874718FC9CA900FBCE56 /* Header */ = {
			isa = PBXGroup;
			children = (
				0065873918FC9C9800FBCE56 /* HeaderView.h */,
				0065873A18FC9C9800FBCE56 /* HeaderView.m */,
				0065873B18FC9C9800FBCE56 /* HeaderView.xib */,
			);
			name = Header;
			sourceTree = "<group>";
		};
		0065874818FC9CB200FBCE56 /* Cell */ = {
			isa = PBXGroup;
			children = (
				0065873C18FC9C9800FBCE56 /* RootCell.h */,
				0065873D18FC9C9800FBCE56 /* RootCell.m */,
				0065873E18FC9C9900FBCE56 /* RootCell.xib */,
			);
			name = Cell;
			sourceTree = "<group>";
		};
/* End PBXGroup section */

/* Begin PBXNativeTarget section */
		006586E418FC9AF300FBCE56 /* CCHexagonFlowLayout */ = {
			isa = PBXNativeTarget;
			buildConfigurationList = 0065871D18FC9AF300FBCE56 /* Build configuration list for PBXNativeTarget "CCHexagonFlowLayout" */;
			buildPhases = (
				006586E118FC9AF300FBCE56 /* Sources */,
				006586E218FC9AF300FBCE56 /* Frameworks */,
				006586E318FC9AF300FBCE56 /* Resources */,
			);
			buildRules = (
			);
			dependencies = (
			);
			name = CCHexagonFlowLayout;
			productName = CCHexagonFlowLayout;
			productReference = 006586E518FC9AF300FBCE56 /* CCHexagonFlowLayout.app */;
			productType = "com.apple.product-type.application";
		};
		0065870B18FC9AF300FBCE56 /* CCHexagonFlowLayoutTests */ = {
			isa = PBXNativeTarget;
			buildConfigurationList = 0065872018FC9AF300FBCE56 /* Build configuration list for PBXNativeTarget "CCHexagonFlowLayoutTests" */;
			buildPhases = (
				0065870818FC9AF300FBCE56 /* Sources */,
				0065870918FC9AF300FBCE56 /* Frameworks */,
				0065870A18FC9AF300FBCE56 /* Resources */,
			);
			buildRules = (
			);
			dependencies = (
				0065871218FC9AF300FBCE56 /* PBXTargetDependency */,
			);
			name = CCHexagonFlowLayoutTests;
			productName = CCHexagonFlowLayoutTests;
			productReference = 0065870C18FC9AF300FBCE56 /* CCHexagonFlowLayoutTests.xctest */;
			productType = "com.apple.product-type.bundle.unit-test";
		};
/* End PBXNativeTarget section */

/* Begin PBXProject section */
		006586DD18FC9AF300FBCE56 /* Project object */ = {
			isa = PBXProject;
			attributes = {
				LastUpgradeCheck = 0510;
				ORGANIZATIONNAME = "Cyril Chandelier";
				TargetAttributes = {
					0065870B18FC9AF300FBCE56 = {
						TestTargetID = 006586E418FC9AF300FBCE56;
					};
				};
			};
			buildConfigurationList = 006586E018FC9AF300FBCE56 /* Build configuration list for PBXProject "CCHexagonFlowLayout" */;
			compatibilityVersion = "Xcode 3.2";
			developmentRegion = English;
			hasScannedForEncodings = 0;
			knownRegions = (
				en,
				Base,
			);
			mainGroup = 006586DC18FC9AF300FBCE56;
			productRefGroup = 006586E618FC9AF300FBCE56 /* Products */;
			projectDirPath = "";
			projectRoot = "";
			targets = (
				006586E418FC9AF300FBCE56 /* CCHexagonFlowLayout */,
				0065870B18FC9AF300FBCE56 /* CCHexagonFlowLayoutTests */,
			);
		};
/* End PBXProject section */

/* Begin PBXResourcesBuildPhase section */
		006586E318FC9AF300FBCE56 /* Resources */ = {
			isa = PBXResourcesBuildPhase;
			buildActionMask = 2147483647;
			files = (
				0065874218FC9C9900FBCE56 /* HeaderView.xib in Resources */,
				0065872E18FC9BBA00FBCE56 /* Images.xcassets in Resources */,
				0065873118FC9BBA00FBCE56 /* purple_hexagon.png in Resources */,
				0065873218FC9BBA00FBCE56 /* purple_hexagon@2x.png in Resources */,
				0065874018FC9C9900FBCE56 /* FooterView.xib in Resources */,
				0065874418FC9C9900FBCE56 /* RootCell.xib in Resources */,
				0065872F18FC9BBA00FBCE56 /* orange_hexagon.png in Resources */,
				0065873018FC9BBA00FBCE56 /* orange_hexagon@2x.png in Resources */,
				006586FC18FC9AF300FBCE56 /* Main_iPhone.storyboard in Resources */,
				006586F318FC9AF300FBCE56 /* InfoPlist.strings in Resources */,
			);
			runOnlyForDeploymentPostprocessing = 0;
		};
		0065870A18FC9AF300FBCE56 /* Resources */ = {
			isa = PBXResourcesBuildPhase;
			buildActionMask = 2147483647;
			files = (
				0065871818FC9AF300FBCE56 /* InfoPlist.strings in Resources */,
			);
			runOnlyForDeploymentPostprocessing = 0;
		};
/* End PBXResourcesBuildPhase section */

/* Begin PBXSourcesBuildPhase section */
		006586E118FC9AF300FBCE56 /* Sources */ = {
			isa = PBXSourcesBuildPhase;
			buildActionMask = 2147483647;
			files = (
				0065874118FC9C9900FBCE56 /* HeaderView.m in Sources */,
				0065874318FC9C9900FBCE56 /* RootCell.m in Sources */,
				0065872718FC9BAC00FBCE56 /* CCHexagonFlowLayout.m in Sources */,
				2CD471441A77785200FB8D29 /* CCHexCell.m in Sources */,
				0065870518FC9AF300FBCE56 /* SecondViewController.m in Sources */,
				006586F918FC9AF300FBCE56 /* AppDelegate.m in Sources */,
				0065873F18FC9C9900FBCE56 /* FooterView.m in Sources */,
				0065870218FC9AF300FBCE56 /* FirstViewController.m in Sources */,
				006586F518FC9AF300FBCE56 /* main.m in Sources */,
			);
			runOnlyForDeploymentPostprocessing = 0;
		};
		0065870818FC9AF300FBCE56 /* Sources */ = {
			isa = PBXSourcesBuildPhase;
			buildActionMask = 2147483647;
			files = (
				0065871A18FC9AF300FBCE56 /* CCHexagonFlowLayoutTests.m in Sources */,
			);
			runOnlyForDeploymentPostprocessing = 0;
		};
/* End PBXSourcesBuildPhase section */

/* Begin PBXTargetDependency section */
		0065871218FC9AF300FBCE56 /* PBXTargetDependency */ = {
			isa = PBXTargetDependency;
			target = 006586E418FC9AF300FBCE56 /* CCHexagonFlowLayout */;
			targetProxy = 0065871118FC9AF300FBCE56 /* PBXContainerItemProxy */;
		};
/* End PBXTargetDependency section */

/* Begin PBXVariantGroup section */
		006586F118FC9AF300FBCE56 /* InfoPlist.strings */ = {
			isa = PBXVariantGroup;
			children = (
				006586F218FC9AF300FBCE56 /* en */,
			);
			name = InfoPlist.strings;
			sourceTree = "<group>";
		};
		006586FA18FC9AF300FBCE56 /* Main_iPhone.storyboard */ = {
			isa = PBXVariantGroup;
			children = (
				006586FB18FC9AF300FBCE56 /* Base */,
			);
			name = Main_iPhone.storyboard;
			path = ..;
			sourceTree = "<group>";
		};
		0065871618FC9AF300FBCE56 /* InfoPlist.strings */ = {
			isa = PBXVariantGroup;
			children = (
				0065871718FC9AF300FBCE56 /* en */,
			);
			name = InfoPlist.strings;
			sourceTree = "<group>";
		};
/* End PBXVariantGroup section */

/* Begin XCBuildConfiguration section */
		0065871B18FC9AF300FBCE56 /* Debug */ = {
			isa = XCBuildConfiguration;
			buildSettings = {
				ALWAYS_SEARCH_USER_PATHS = NO;
				CLANG_CXX_LANGUAGE_STANDARD = "gnu++0x";
				CLANG_CXX_LIBRARY = "libc++";
				CLANG_ENABLE_MODULES = YES;
				CLANG_ENABLE_OBJC_ARC = YES;
				CLANG_WARN_BOOL_CONVERSION = YES;
				CLANG_WARN_CONSTANT_CONVERSION = YES;
				CLANG_WARN_DIRECT_OBJC_ISA_USAGE = YES_ERROR;
				CLANG_WARN_EMPTY_BODY = YES;
				CLANG_WARN_ENUM_CONVERSION = YES;
				CLANG_WARN_INT_CONVERSION = YES;
				CLANG_WARN_OBJC_ROOT_CLASS = YES_ERROR;
				CLANG_WARN__DUPLICATE_METHOD_MATCH = YES;
				"CODE_SIGN_IDENTITY[sdk=iphoneos*]" = "iPhone Developer";
				COPY_PHASE_STRIP = NO;
				GCC_C_LANGUAGE_STANDARD = gnu99;
				GCC_DYNAMIC_NO_PIC = NO;
				GCC_OPTIMIZATION_LEVEL = 0;
				GCC_PREPROCESSOR_DEFINITIONS = (
					"DEBUG=1",
					"$(inherited)",
				);
				GCC_SYMBOLS_PRIVATE_EXTERN = NO;
				GCC_WARN_64_TO_32_BIT_CONVERSION = YES;
				GCC_WARN_ABOUT_RETURN_TYPE = YES_ERROR;
				GCC_WARN_UNDECLARED_SELECTOR = YES;
				GCC_WARN_UNINITIALIZED_AUTOS = YES_AGGRESSIVE;
				GCC_WARN_UNUSED_FUNCTION = YES;
				GCC_WARN_UNUSED_VARIABLE = YES;
				IPHONEOS_DEPLOYMENT_TARGET = 7.1;
				ONLY_ACTIVE_ARCH = YES;
				SDKROOT = iphoneos;
				TARGETED_DEVICE_FAMILY = "1,2";
			};
			name = Debug;
		};
		0065871C18FC9AF300FBCE56 /* Release */ = {
			isa = XCBuildConfiguration;
			buildSettings = {
				ALWAYS_SEARCH_USER_PATHS = NO;
				CLANG_CXX_LANGUAGE_STANDARD = "gnu++0x";
				CLANG_CXX_LIBRARY = "libc++";
				CLANG_ENABLE_MODULES = YES;
				CLANG_ENABLE_OBJC_ARC = YES;
				CLANG_WARN_BOOL_CONVERSION = YES;
				CLANG_WARN_CONSTANT_CONVERSION = YES;
				CLANG_WARN_DIRECT_OBJC_ISA_USAGE = YES_ERROR;
				CLANG_WARN_EMPTY_BODY = YES;
				CLANG_WARN_ENUM_CONVERSION = YES;
				CLANG_WARN_INT_CONVERSION = YES;
				CLANG_WARN_OBJC_ROOT_CLASS = YES_ERROR;
				CLANG_WARN__DUPLICATE_METHOD_MATCH = YES;
				"CODE_SIGN_IDENTITY[sdk=iphoneos*]" = "iPhone Developer";
				COPY_PHASE_STRIP = YES;
				ENABLE_NS_ASSERTIONS = NO;
				GCC_C_LANGUAGE_STANDARD = gnu99;
				GCC_WARN_64_TO_32_BIT_CONVERSION = YES;
				GCC_WARN_ABOUT_RETURN_TYPE = YES_ERROR;
				GCC_WARN_UNDECLARED_SELECTOR = YES;
				GCC_WARN_UNINITIALIZED_AUTOS = YES_AGGRESSIVE;
				GCC_WARN_UNUSED_FUNCTION = YES;
				GCC_WARN_UNUSED_VARIABLE = YES;
				IPHONEOS_DEPLOYMENT_TARGET = 7.1;
				SDKROOT = iphoneos;
				TARGETED_DEVICE_FAMILY = "1,2";
				VALIDATE_PRODUCT = YES;
			};
			name = Release;
		};
		0065871E18FC9AF300FBCE56 /* Debug */ = {
			isa = XCBuildConfiguration;
			buildSettings = {
				ASSETCATALOG_COMPILER_APPICON_NAME = AppIcon;
				ASSETCATALOG_COMPILER_LAUNCHIMAGE_NAME = LaunchImage;
				GCC_PRECOMPILE_PREFIX_HEADER = YES;
				GCC_PREFIX_HEADER = "CCHexagonFlowLayout/CCHexagonFlowLayout-Prefix.pch";
				INFOPLIST_FILE = "CCHexagonFlowLayout/CCHexagonFlowLayout-Info.plist";
				PRODUCT_NAME = "$(TARGET_NAME)";
				TARGETED_DEVICE_FAMILY = 1;
				WRAPPER_EXTENSION = app;
			};
			name = Debug;
		};
		0065871F18FC9AF300FBCE56 /* Release */ = {
			isa = XCBuildConfiguration;
			buildSettings = {
				ASSETCATALOG_COMPILER_APPICON_NAME = AppIcon;
				ASSETCATALOG_COMPILER_LAUNCHIMAGE_NAME = LaunchImage;
				GCC_PRECOMPILE_PREFIX_HEADER = YES;
				GCC_PREFIX_HEADER = "CCHexagonFlowLayout/CCHexagonFlowLayout-Prefix.pch";
				INFOPLIST_FILE = "CCHexagonFlowLayout/CCHexagonFlowLayout-Info.plist";
				PRODUCT_NAME = "$(TARGET_NAME)";
				TARGETED_DEVICE_FAMILY = 1;
				WRAPPER_EXTENSION = app;
			};
			name = Release;
		};
		0065872118FC9AF300FBCE56 /* Debug */ = {
			isa = XCBuildConfiguration;
			buildSettings = {
				BUNDLE_LOADER = "$(BUILT_PRODUCTS_DIR)/CCHexagonFlowLayout.app/CCHexagonFlowLayout";
				FRAMEWORK_SEARCH_PATHS = (
					"$(SDKROOT)/Developer/Library/Frameworks",
					"$(inherited)",
					"$(DEVELOPER_FRAMEWORKS_DIR)",
				);
				GCC_PRECOMPILE_PREFIX_HEADER = YES;
				GCC_PREFIX_HEADER = "CCHexagonFlowLayout/CCHexagonFlowLayout-Prefix.pch";
				GCC_PREPROCESSOR_DEFINITIONS = (
					"DEBUG=1",
					"$(inherited)",
				);
				INFOPLIST_FILE = "CCHexagonFlowLayoutTests/CCHexagonFlowLayoutTests-Info.plist";
				PRODUCT_NAME = "$(TARGET_NAME)";
				TEST_HOST = "$(BUNDLE_LOADER)";
				WRAPPER_EXTENSION = xctest;
			};
			name = Debug;
		};
		0065872218FC9AF300FBCE56 /* Release */ = {
			isa = XCBuildConfiguration;
			buildSettings = {
				BUNDLE_LOADER = "$(BUILT_PRODUCTS_DIR)/CCHexagonFlowLayout.app/CCHexagonFlowLayout";
				FRAMEWORK_SEARCH_PATHS = (
					"$(SDKROOT)/Developer/Library/Frameworks",
					"$(inherited)",
					"$(DEVELOPER_FRAMEWORKS_DIR)",
				);
				GCC_PRECOMPILE_PREFIX_HEADER = YES;
				GCC_PREFIX_HEADER = "CCHexagonFlowLayout/CCHexagonFlowLayout-Prefix.pch";
				INFOPLIST_FILE = "CCHexagonFlowLayoutTests/CCHexagonFlowLayoutTests-Info.plist";
				PRODUCT_NAME = "$(TARGET_NAME)";
				TEST_HOST = "$(BUNDLE_LOADER)";
				WRAPPER_EXTENSION = xctest;
			};
			name = Release;
		};
/* End XCBuildConfiguration section */

/* Begin XCConfigurationList section */
		006586E018FC9AF300FBCE56 /* Build configuration list for PBXProject "CCHexagonFlowLayout" */ = {
			isa = XCConfigurationList;
			buildConfigurations = (
				0065871B18FC9AF300FBCE56 /* Debug */,
				0065871C18FC9AF300FBCE56 /* Release */,
			);
			defaultConfigurationIsVisible = 0;
			defaultConfigurationName = Release;
		};
		0065871D18FC9AF300FBCE56 /* Build configuration list for PBXNativeTarget "CCHexagonFlowLayout" */ = {
			isa = XCConfigurationList;
			buildConfigurations = (
				0065871E18FC9AF300FBCE56 /* Debug */,
				0065871F18FC9AF300FBCE56 /* Release */,
			);
			defaultConfigurationIsVisible = 0;
			defaultConfigurationName = Release;
		};
		0065872018FC9AF300FBCE56 /* Build configuration list for PBXNativeTarget "CCHexagonFlowLayoutTests" */ = {
			isa = XCConfigurationList;
			buildConfigurations = (
				0065872118FC9AF300FBCE56 /* Debug */,
				0065872218FC9AF300FBCE56 /* Release */,
			);
			defaultConfigurationIsVisible = 0;
			defaultConfigurationName = Release;
		};
/* End XCConfigurationList section */
	};
	rootObject = 006586DD18FC9AF300FBCE56 /* Project object */;
}
